
Microsoft Visual Studio Solution File, Format Version 12.00
# Visual Studio 15
VisualStudioVersion = 15.0.28307.1062
MinimumVisualStudioVersion = 10.0.40219.1
Project("{9A19103F-16F7-4668-BE54-9A1E7A4F7556}") = "EventEmitterSharp", "EventEmitterSharp\EventEmitterSharp.csproj", "{3125D33E-71F6-46B3-BB34-D563176BDAB0}"
EndProject
Project("{FAE04EC0-301F-11D3-BF4B-00C04F79EFBC}") = "EventEmitterSharp-Example", "EventEmitterSharp-Example\EventEmitterSharp-Example.csproj", "{EB4AB13A-1090-499D-AEF8-3538DC2E2280}"
EndProject
Global
	GlobalSection(SolutionConfigurationPlatforms) = preSolution
		Debug|Any CPU = Debug|Any CPU
		Release|Any CPU = Release|Any CPU
	EndGlobalSection
	GlobalSection(ProjectConfigurationPlatforms) = postSolution
		{3125D33E-71F6-46B3-BB34-D563176BDAB0}.Debug|Any CPU.ActiveCfg = Debug|Any CPU
		{3125D33E-71F6-46B3-BB34-D563176BDAB0}.Debug|Any CPU.Build.0 = Debug|Any CPU
		{3125D33E-71F6-46B3-BB34-D563176BDAB0}.Release|Any CPU.ActiveCfg = Release|Any CPU
		{3125D33E-71F6-46B3-BB34-D563176BDAB0}.Release|Any CPU.Build.0 = Release|Any CPU
		{EB4AB13A-1090-499D-AEF8-3538DC2E2280}.Debug|Any CPU.ActiveCfg = Debug|Any CPU
		{EB4AB13A-1090-499D-AEF8-3538DC2E2280}.Debug|Any CPU.Build.0 = Debug|Any CPU
		{EB4AB13A-1090-499D-AEF8-3538DC2E2280}.Release|Any CPU.ActiveCfg = Release|Any CPU
		{EB4AB13A-1090-499D-AEF8-3538DC2E2280}.Release|Any CPU.Build.0 = Release|Any CPU
	EndGlobalSection
	GlobalSection(SolutionProperties) = preSolution
		HideSolutionNode = FALSE
	EndGlobalSection
	GlobalSection(ExtensibilityGlobals) = postSolution
		SolutionGuid = {74EB41C2-CC63-4501-9AA3-14B10D9E65B8}
	EndGlobalSection
EndGlobal
